{
  "name": "connect5",
  "version": "1.0.0",
  "lockfileVersion": 2,
  "requires": true,
  "packages": {
    "": {
      "name": "connect5",
      "version": "1.0.0",
      "license": "ISC",
      "dependencies": {
        "2d-array-rotation": "^2.1.1",
        "prompts": "^2.4.2",
        "tic-tac-toe-js": "^0.0.2",
        "tictactoe-board": "^1.1.0"
      }
    },
    "node_modules/2d-array-rotation": {
      "version": "2.1.1",
      "resolved": "https://registry.npmjs.org/2d-array-rotation/-/2d-array-rotation-2.1.1.tgz",
      "integrity": "sha512-rJ8rp+8uzHzkbHwV1mgMxdZCGwtg91+QL77gD6PZUr2YXO2VbVcsd2zxxeAsC4Bvv9I0A4OrUOwgj89iSN0RHQ==",
      "engines": {
        "node": ">=10.16.1"
      }
    },
    "node_modules/kleur": {
      "version": "3.0.3",
      "resolved": "https://registry.npmjs.org/kleur/-/kleur-3.0.3.tgz",
      "integrity": "sha512-eTIzlVOSUR+JxdDFepEYcBMtZ9Qqdef+rnzWdRZuMbOywu5tO2w2N7rqjoANZ5k9vywhL6Br1VRjUIgTQx4E8w==",
      "engines": {
        "node": ">=6"
      }
    },
    "node_modules/prompts": {
      "version": "2.4.2",
      "resolved": "https://registry.npmjs.org/prompts/-/prompts-2.4.2.tgz",
      "integrity": "sha512-NxNv/kLguCA7p3jE8oL2aEBsrJWgAakBpgmgK6lpPWV+WuOmY6r2/zbAVnP+T8bQlA0nzHXSJSJW0Hq7ylaD2Q==",
      "dependencies": {
        "kleur": "^3.0.3",
        "sisteransi": "^1.0.5"
      },
      "engines": {
        "node": ">= 6"
      }
    },
    "node_modules/sisteransi": {
      "version": "1.0.5",
      "resolved": "https://registry.npmjs.org/sisteransi/-/sisteransi-1.0.5.tgz",
      "integrity": "sha512-bLGGlR1QxBcynn2d5YmDX4MGjlZvy2MRBDRNHLJ8VI6l6+9FUiyTFNJ0IveOSP0bcXgVDPRcfGqA0pjaqUpfVg=="
    },
    "node_modules/tic-tac-toe-js": {
      "version": "0.0.2",
      "resolved": "https://registry.npmjs.org/tic-tac-toe-js/-/tic-tac-toe-js-0.0.2.tgz",
      "integrity": "sha1-uxCrx0ucBQ1zIL5Co4MqPc7sGAg=",
      "engines": {
        "node": "*"
      }
    },
    "node_modules/tictactoe-board": {
      "version": "1.1.0",
      "resolved": "https://registry.npmjs.org/tictactoe-board/-/tictactoe-board-1.1.0.tgz",
      "integrity": "sha512-lfWX+YYPi0EEj47uDF/15t7L/H0wjm/2nhZ4a7ZzjIP36+rvN0PP8qa19uuPhiD9218bP1TH7yJP3o7XqLx8HQ=="
    }
  },
  "dependencies": {
    "2d-array-rotation": {
      "version": "2.1.1",
      "resolved": "https://registry.npmjs.org/2d-array-rotation/-/2d-array-rotation-2.1.1.tgz",
      "integrity": "sha512-rJ8rp+8uzHzkbHwV1mgMxdZCGwtg91+QL77gD6PZUr2YXO2VbVcsd2zxxeAsC4Bvv9I0A4OrUOwgj89iSN0RHQ=="
    },
    "kleur": {
      "version": "3.0.3",
      "resolved": "https://registry.npmjs.org/kleur/-/kleur-3.0.3.tgz",
      "integrity": "sha512-eTIzlVOSUR+JxdDFepEYcBMtZ9Qqdef+rnzWdRZuMbOywu5tO2w2N7rqjoANZ5k9vywhL6Br1VRjUIgTQx4E8w=="
    },
    "prompts": {
      "version": "2.4.2",
      "resolved": "https://registry.npmjs.org/prompts/-/prompts-2.4.2.tgz",
      "integrity": "sha512-NxNv/kLguCA7p3jE8oL2aEBsrJWgAakBpgmgK6lpPWV+WuOmY6r2/zbAVnP+T8bQlA0nzHXSJSJW0Hq7ylaD2Q==",
      "requires": {
        "kleur": "^3.0.3",
        "sisteransi": "^1.0.5"
      }
    },
    "sisteransi": {
      "version": "1.0.5",
      "resolved": "https://registry.npmjs.org/sisteransi/-/sisteransi-1.0.5.tgz",
      "integrity": "sha512-bLGGlR1QxBcynn2d5YmDX4MGjlZvy2MRBDRNHLJ8VI6l6+9FUiyTFNJ0IveOSP0bcXgVDPRcfGqA0pjaqUpfVg=="
    },
    "tic-tac-toe-js": {
      "version": "0.0.2",
      "resolved": "https://registry.npmjs.org/tic-tac-toe-js/-/tic-tac-toe-js-0.0.2.tgz",
      "integrity": "sha1-uxCrx0ucBQ1zIL5Co4MqPc7sGAg="
    },
    "tictactoe-board": {
      "version": "1.1.0",
      "resolved": "https://registry.npmjs.org/tictactoe-board/-/tictactoe-board-1.1.0.tgz",
      "integrity": "sha512-lfWX+YYPi0EEj47uDF/15t7L/H0wjm/2nhZ4a7ZzjIP36+rvN0PP8qa19uuPhiD9218bP1TH7yJP3o7XqLx8HQ=="
    }
  }
}
